
Microsoft Visual Studio Solution File, Format Version 12.00
# Visual Studio Version 16
VisualStudioVersion = 16.0.31313.79
MinimumVisualStudioVersion = 10.0.40219.1
Project("{9A19103F-16F7-4668-BE54-9A1E7A4F7556}") = "DDS", "DDS.csproj", "{5456CF9F-F070-4EB2-983B-3177A35EC646}"
EndProject
Project("{FAE04EC0-301F-11D3-BF4B-00C04F79EFBC}") = "DDSTests1", "..\DDSTests1\DDSTests1.csproj", "{A2CA433D-5FC1-46EB-93CE-CE35541DD5FA}"
EndProject
Global
	GlobalSection(SolutionConfigurationPlatforms) = preSolution
		Debug|Any CPU = Debug|Any CPU
		Release|Any CPU = Release|Any CPU
	EndGlobalSection
	GlobalSection(ProjectConfigurationPlatforms) = postSolution
		{5456CF9F-F070-4EB2-983B-3177A35EC646}.Debug|Any CPU.ActiveCfg = Debug|Any CPU
		{5456CF9F-F070-4EB2-983B-3177A35EC646}.Debug|Any CPU.Build.0 = Debug|Any CPU
		{5456CF9F-F070-4EB2-983B-3177A35EC646}.Release|Any CPU.ActiveCfg = Release|Any CPU
		{5456CF9F-F070-4EB2-983B-3177A35EC646}.Release|Any CPU.Build.0 = Release|Any CPU
		{A2CA433D-5FC1-46EB-93CE-CE35541DD5FA}.Debug|Any CPU.ActiveCfg = Debug|Any CPU
		{A2CA433D-5FC1-46EB-93CE-CE35541DD5FA}.Debug|Any CPU.Build.0 = Debug|Any CPU
		{A2CA433D-5FC1-46EB-93CE-CE35541DD5FA}.Release|Any CPU.ActiveCfg = Release|Any CPU
		{A2CA433D-5FC1-46EB-93CE-CE35541DD5FA}.Release|Any CPU.Build.0 = Release|Any CPU
	EndGlobalSection
	GlobalSection(SolutionProperties) = preSolution
		HideSolutionNode = FALSE
	EndGlobalSection
	GlobalSection(ExtensibilityGlobals) = postSolution
		SolutionGuid = {240DD83A-99E5-421F-A40A-EED8F5ABDA58}
	EndGlobalSection
EndGlobal
